
Microsoft Visual Studio Solution File, Format Version 12.00
# Visual Studio Version 16
VisualStudioVersion = 16.0.29728.190
MinimumVisualStudioVersion = 10.0.40219.1
Project("{9A19103F-16F7-4668-BE54-9A1E7A4F7556}") = "CONFIG-ASPCoreAPI", "CONFIG-ASPCoreAPI\CONFIG-ASPCoreAPI.csproj", "{7B1349C4-99F4-4891-9A5F-4C5D26610364}"
EndProject
Project("{9A19103F-16F7-4668-BE54-9A1E7A4F7556}") = "CONFIG-ConsoleApp", "CONFIG-ConsoleApp\CONFIG-ConsoleApp.csproj", "{C7F44A1F-A14B-470C-B425-0F128C8A776F}"
EndProject
Global
	GlobalSection(SolutionConfigurationPlatforms) = preSolution
		Debug|Any CPU = Debug|Any CPU
		Release|Any CPU = Release|Any CPU
	EndGlobalSection
	GlobalSection(ProjectConfigurationPlatforms) = postSolution
		{7B1349C4-99F4-4891-9A5F-4C5D26610364}.Debug|Any CPU.ActiveCfg = Debug|Any CPU
		{7B1349C4-99F4-4891-9A5F-4C5D26610364}.Debug|Any CPU.Build.0 = Debug|Any CPU
		{7B1349C4-99F4-4891-9A5F-4C5D26610364}.Release|Any CPU.ActiveCfg = Release|Any CPU
		{7B1349C4-99F4-4891-9A5F-4C5D26610364}.Release|Any CPU.Build.0 = Release|Any CPU
		{C7F44A1F-A14B-470C-B425-0F128C8A776F}.Debug|Any CPU.ActiveCfg = Debug|Any CPU
		{C7F44A1F-A14B-470C-B425-0F128C8A776F}.Debug|Any CPU.Build.0 = Debug|Any CPU
		{C7F44A1F-A14B-470C-B425-0F128C8A776F}.Release|Any CPU.ActiveCfg = Release|Any CPU
		{C7F44A1F-A14B-470C-B425-0F128C8A776F}.Release|Any CPU.Build.0 = Release|Any CPU
	EndGlobalSection
	GlobalSection(SolutionProperties) = preSolution
		HideSolutionNode = FALSE
	EndGlobalSection
	GlobalSection(ExtensibilityGlobals) = postSolution
		SolutionGuid = {CB86A1A1-906C-4DF3-BA26-B6254AAD6AF9}
	EndGlobalSection
EndGlobal
