
Microsoft Visual Studio Solution File, Format Version 12.00
# Visual Studio Version 16
VisualStudioVersion = 16.0.29728.190
MinimumVisualStudioVersion = 10.0.40219.1
Project("{9A19103F-16F7-4668-BE54-9A1E7A4F7556}") = "CONFIG-ConsoleApp", "..\CONFIG-ConsoleApp\CONFIG-ConsoleApp.csproj", "{18DF3565-0130-4DD4-B3F9-951796CD5FEC}"
EndProject
Project("{FAE04EC0-301F-11D3-BF4B-00C04F79EFBC}") = "CONFIG-ASPCoreAPI", "..\CONFIG-ASPCoreAPI\CONFIG-ASPCoreAPI.csproj", "{C791ED92-722F-4637-9273-713BAD25E3C3}"
EndProject
Global
	GlobalSection(SolutionConfigurationPlatforms) = preSolution
		Debug|Any CPU = Debug|Any CPU
		Release|Any CPU = Release|Any CPU
	EndGlobalSection
	GlobalSection(ProjectConfigurationPlatforms) = postSolution
		{18DF3565-0130-4DD4-B3F9-951796CD5FEC}.Debug|Any CPU.ActiveCfg = Debug|Any CPU
		{18DF3565-0130-4DD4-B3F9-951796CD5FEC}.Debug|Any CPU.Build.0 = Debug|Any CPU
		{18DF3565-0130-4DD4-B3F9-951796CD5FEC}.Release|Any CPU.ActiveCfg = Release|Any CPU
		{18DF3565-0130-4DD4-B3F9-951796CD5FEC}.Release|Any CPU.Build.0 = Release|Any CPU
		{C791ED92-722F-4637-9273-713BAD25E3C3}.Debug|Any CPU.ActiveCfg = Debug|Any CPU
		{C791ED92-722F-4637-9273-713BAD25E3C3}.Debug|Any CPU.Build.0 = Debug|Any CPU
		{C791ED92-722F-4637-9273-713BAD25E3C3}.Release|Any CPU.ActiveCfg = Release|Any CPU
		{C791ED92-722F-4637-9273-713BAD25E3C3}.Release|Any CPU.Build.0 = Release|Any CPU
	EndGlobalSection
	GlobalSection(SolutionProperties) = preSolution
		HideSolutionNode = FALSE
	EndGlobalSection
	GlobalSection(ExtensibilityGlobals) = postSolution
		SolutionGuid = {CB86A1A1-906C-4DF3-BA26-B6254AAD6AF9}
	EndGlobalSection
EndGlobal
