
Microsoft Visual Studio Solution File, Format Version 12.00
# Visual Studio Version 16
VisualStudioVersion = 16.0.30523.141
MinimumVisualStudioVersion = 10.0.40219.1
Project("{9A19103F-16F7-4668-BE54-9A1E7A4F7556}") = "INFRASTRUCTURE", "INFRASTRUCTURE\INFRASTRUCTURE.csproj", "{B8FC1401-CF4D-4A82-BF4E-8118C90BBF92}"
EndProject
Project("{9A19103F-16F7-4668-BE54-9A1E7A4F7556}") = "CONFIG-ASPCoreAPI", "CONFIG-ASPCoreAPI\CONFIG-ASPCoreAPI.csproj", "{A2C9912D-DE2B-4803-B38E-95F79D9F3164}"
EndProject
Project("{9A19103F-16F7-4668-BE54-9A1E7A4F7556}") = "CONFIG-ConsoleApp", "CONFIG-ConsoleApp\CONFIG-ConsoleApp.csproj", "{6AAFEB4C-6342-4F2D-AF00-BCACACBADAB7}"
EndProject
Project("{9A19103F-16F7-4668-BE54-9A1E7A4F7556}") = "FILE-DataFormats", "FILE-DataFormats\FILE-DataFormats.csproj", "{4739E328-BCD4-4759-A22A-18709D25CC37}"
EndProject
Project("{9A19103F-16F7-4668-BE54-9A1E7A4F7556}") = "Logging-ASPCoreAPI", "LOGGING-ASPCoreAPI\Logging-ASPCoreAPI.csproj", "{5AE410FC-6649-4C25-B033-254D1BBC595A}"
EndProject
Project("{9A19103F-16F7-4668-BE54-9A1E7A4F7556}") = "Logging-ConsoleApp", "LOGGING-ConsoleApp\Logging-ConsoleApp.csproj", "{DC946279-0BA3-48DA-9518-B9A9C0C91CFF}"
EndProject
Project("{FAE04EC0-301F-11D3-BF4B-00C04F79EFBC}") = "PATTERN-FactoryPattern", "PATTERN-FactoryPattern\PATTERN-FactoryPattern.csproj", "{54A2A0DE-0960-4816-858E-D8FF1CF100FD}"
EndProject
Project("{9A19103F-16F7-4668-BE54-9A1E7A4F7556}") = "PATTERN-FooBar", "PATTERN-FooBar\PATTERN-FooBar.csproj", "{4A523507-178C-44AE-9BCD-76AA93080E5E}"
EndProject
Project("{FAE04EC0-301F-11D3-BF4B-00C04F79EFBC}") = "PATTERN-InterfacePattern", "PATTERN-InterfacePattern\PATTERN-InterfacePattern.csproj", "{1D81F924-8A36-4863-B214-754F20E4310A}"
EndProject
Project("{9A19103F-16F7-4668-BE54-9A1E7A4F7556}") = "EXCEPTION-ConsoleApp", "EXCEPTION-ConsoleApp\EXCEPTION-ConsoleApp.csproj", "{E9CD8A56-9DD8-496B-B0AE-B32BAD457697}"
EndProject
Project("{9A19103F-16F7-4668-BE54-9A1E7A4F7556}") = "ENTITYFRAMEWORK-ConsoleApp", "ENTITYFRAMEWORK-ConsoleApp\ENTITYFRAMEWORK-ConsoleApp.csproj", "{BF69802D-78B6-49CC-B48D-71EE6759BF33}"
EndProject
Project("{D954291E-2A0B-460D-934E-DC6B0785DB48}") = "UTILITY-Model", "UTILITY-Model\UTILITY-Model.shproj", "{9FCD1FD9-4F68-434E-9195-AC17387390E6}"
EndProject
Project("{9A19103F-16F7-4668-BE54-9A1E7A4F7556}") = "UTILITY-Model-Net", "UTILITY-Model-Net\UTILITY-Model-Net.csproj", "{82B43209-93B7-42DF-9894-A28C0078045C}"
EndProject
Project("{9A19103F-16F7-4668-BE54-9A1E7A4F7556}") = "UTILITY-Model-Core", "UTILITY-Model-Core\UTILITY-Model-Core.csproj", "{650AB229-03FE-440B-ADE9-D5D5E987C0F3}"
EndProject
Project("{D954291E-2A0B-460D-934E-DC6B0785DB48}") = "EXCEPTION-Model", "EXCEPTION-Model\EXCEPTION-Model.shproj", "{1E2462E6-EC6D-4DF4-A81D-CE2B510EB48D}"
EndProject
Project("{9A19103F-16F7-4668-BE54-9A1E7A4F7556}") = "EXCEPTION-Model-Net", "EXCEPTION-Model-Net\EXCEPTION-Model-Net.csproj", "{58F6AE77-3551-43C8-AA8C-D772C92023B3}"
EndProject
Project("{9A19103F-16F7-4668-BE54-9A1E7A4F7556}") = "EXCEPTION-Model-Core", "EXCEPTION-Model-Core\EXCEPTION-Model-Core.csproj", "{7EC1FC32-29A8-4ED5-81BF-C7E57E6A9FE3}"
EndProject
Project("{9A19103F-16F7-4668-BE54-9A1E7A4F7556}") = "DONT-PANIC", "..\DONT-PANIC\DONT-PANIC\DONT-PANIC.csproj", "{85D38BE7-BC57-4D5D-98DC-A75FF212572E}"
EndProject
Global
	GlobalSection(SharedMSBuildProjectFiles) = preSolution
		EXCEPTION-Model\EXCEPTION-Model.projitems*{1e2462e6-ec6d-4df4-a81d-ce2b510eb48d}*SharedItemsImports = 13
		EXCEPTION-Model\EXCEPTION-Model.projitems*{58f6ae77-3551-43c8-aa8c-d772c92023b3}*SharedItemsImports = 5
		UTILITY-Model\UTILITY-Model.projitems*{650ab229-03fe-440b-ade9-d5d5e987c0f3}*SharedItemsImports = 5
		EXCEPTION-Model\EXCEPTION-Model.projitems*{7ec1fc32-29a8-4ed5-81bf-c7e57e6a9fe3}*SharedItemsImports = 5
		UTILITY-Model\UTILITY-Model.projitems*{9fcd1fd9-4f68-434e-9195-ac17387390e6}*SharedItemsImports = 13
		EXCEPTION-Model\EXCEPTION-Model.projitems*{e9cd8a56-9dd8-496b-b0ae-b32bad457697}*SharedItemsImports = 5
	EndGlobalSection
	GlobalSection(SolutionConfigurationPlatforms) = preSolution
		Debug|Any CPU = Debug|Any CPU
		Release|Any CPU = Release|Any CPU
	EndGlobalSection
	GlobalSection(ProjectConfigurationPlatforms) = postSolution
		{B8FC1401-CF4D-4A82-BF4E-8118C90BBF92}.Debug|Any CPU.ActiveCfg = Debug|Any CPU
		{B8FC1401-CF4D-4A82-BF4E-8118C90BBF92}.Debug|Any CPU.Build.0 = Debug|Any CPU
		{B8FC1401-CF4D-4A82-BF4E-8118C90BBF92}.Release|Any CPU.ActiveCfg = Release|Any CPU
		{B8FC1401-CF4D-4A82-BF4E-8118C90BBF92}.Release|Any CPU.Build.0 = Release|Any CPU
		{A2C9912D-DE2B-4803-B38E-95F79D9F3164}.Debug|Any CPU.ActiveCfg = Debug|Any CPU
		{A2C9912D-DE2B-4803-B38E-95F79D9F3164}.Debug|Any CPU.Build.0 = Debug|Any CPU
		{A2C9912D-DE2B-4803-B38E-95F79D9F3164}.Release|Any CPU.ActiveCfg = Release|Any CPU
		{A2C9912D-DE2B-4803-B38E-95F79D9F3164}.Release|Any CPU.Build.0 = Release|Any CPU
		{6AAFEB4C-6342-4F2D-AF00-BCACACBADAB7}.Debug|Any CPU.ActiveCfg = Debug|Any CPU
		{6AAFEB4C-6342-4F2D-AF00-BCACACBADAB7}.Debug|Any CPU.Build.0 = Debug|Any CPU
		{6AAFEB4C-6342-4F2D-AF00-BCACACBADAB7}.Release|Any CPU.ActiveCfg = Release|Any CPU
		{6AAFEB4C-6342-4F2D-AF00-BCACACBADAB7}.Release|Any CPU.Build.0 = Release|Any CPU
		{4739E328-BCD4-4759-A22A-18709D25CC37}.Debug|Any CPU.ActiveCfg = Debug|Any CPU
		{4739E328-BCD4-4759-A22A-18709D25CC37}.Debug|Any CPU.Build.0 = Debug|Any CPU
		{4739E328-BCD4-4759-A22A-18709D25CC37}.Release|Any CPU.ActiveCfg = Release|Any CPU
		{4739E328-BCD4-4759-A22A-18709D25CC37}.Release|Any CPU.Build.0 = Release|Any CPU
		{5AE410FC-6649-4C25-B033-254D1BBC595A}.Debug|Any CPU.ActiveCfg = Debug|Any CPU
		{5AE410FC-6649-4C25-B033-254D1BBC595A}.Debug|Any CPU.Build.0 = Debug|Any CPU
		{5AE410FC-6649-4C25-B033-254D1BBC595A}.Release|Any CPU.ActiveCfg = Release|Any CPU
		{5AE410FC-6649-4C25-B033-254D1BBC595A}.Release|Any CPU.Build.0 = Release|Any CPU
		{DC946279-0BA3-48DA-9518-B9A9C0C91CFF}.Debug|Any CPU.ActiveCfg = Debug|Any CPU
		{DC946279-0BA3-48DA-9518-B9A9C0C91CFF}.Debug|Any CPU.Build.0 = Debug|Any CPU
		{DC946279-0BA3-48DA-9518-B9A9C0C91CFF}.Release|Any CPU.ActiveCfg = Release|Any CPU
		{DC946279-0BA3-48DA-9518-B9A9C0C91CFF}.Release|Any CPU.Build.0 = Release|Any CPU
		{54A2A0DE-0960-4816-858E-D8FF1CF100FD}.Debug|Any CPU.ActiveCfg = Debug|Any CPU
		{54A2A0DE-0960-4816-858E-D8FF1CF100FD}.Debug|Any CPU.Build.0 = Debug|Any CPU
		{54A2A0DE-0960-4816-858E-D8FF1CF100FD}.Release|Any CPU.ActiveCfg = Release|Any CPU
		{54A2A0DE-0960-4816-858E-D8FF1CF100FD}.Release|Any CPU.Build.0 = Release|Any CPU
		{4A523507-178C-44AE-9BCD-76AA93080E5E}.Debug|Any CPU.ActiveCfg = Debug|Any CPU
		{4A523507-178C-44AE-9BCD-76AA93080E5E}.Debug|Any CPU.Build.0 = Debug|Any CPU
		{4A523507-178C-44AE-9BCD-76AA93080E5E}.Release|Any CPU.ActiveCfg = Release|Any CPU
		{4A523507-178C-44AE-9BCD-76AA93080E5E}.Release|Any CPU.Build.0 = Release|Any CPU
		{1D81F924-8A36-4863-B214-754F20E4310A}.Debug|Any CPU.ActiveCfg = Debug|Any CPU
		{1D81F924-8A36-4863-B214-754F20E4310A}.Debug|Any CPU.Build.0 = Debug|Any CPU
		{1D81F924-8A36-4863-B214-754F20E4310A}.Release|Any CPU.ActiveCfg = Release|Any CPU
		{1D81F924-8A36-4863-B214-754F20E4310A}.Release|Any CPU.Build.0 = Release|Any CPU
		{E9CD8A56-9DD8-496B-B0AE-B32BAD457697}.Debug|Any CPU.ActiveCfg = Debug|Any CPU
		{E9CD8A56-9DD8-496B-B0AE-B32BAD457697}.Debug|Any CPU.Build.0 = Debug|Any CPU
		{E9CD8A56-9DD8-496B-B0AE-B32BAD457697}.Release|Any CPU.ActiveCfg = Release|Any CPU
		{E9CD8A56-9DD8-496B-B0AE-B32BAD457697}.Release|Any CPU.Build.0 = Release|Any CPU
		{BF69802D-78B6-49CC-B48D-71EE6759BF33}.Debug|Any CPU.ActiveCfg = Debug|Any CPU
		{BF69802D-78B6-49CC-B48D-71EE6759BF33}.Debug|Any CPU.Build.0 = Debug|Any CPU
		{BF69802D-78B6-49CC-B48D-71EE6759BF33}.Release|Any CPU.ActiveCfg = Release|Any CPU
		{BF69802D-78B6-49CC-B48D-71EE6759BF33}.Release|Any CPU.Build.0 = Release|Any CPU
		{82B43209-93B7-42DF-9894-A28C0078045C}.Debug|Any CPU.ActiveCfg = Debug|Any CPU
		{82B43209-93B7-42DF-9894-A28C0078045C}.Debug|Any CPU.Build.0 = Debug|Any CPU
		{82B43209-93B7-42DF-9894-A28C0078045C}.Release|Any CPU.ActiveCfg = Release|Any CPU
		{82B43209-93B7-42DF-9894-A28C0078045C}.Release|Any CPU.Build.0 = Release|Any CPU
		{650AB229-03FE-440B-ADE9-D5D5E987C0F3}.Debug|Any CPU.ActiveCfg = Debug|Any CPU
		{650AB229-03FE-440B-ADE9-D5D5E987C0F3}.Debug|Any CPU.Build.0 = Debug|Any CPU
		{650AB229-03FE-440B-ADE9-D5D5E987C0F3}.Release|Any CPU.ActiveCfg = Release|Any CPU
		{650AB229-03FE-440B-ADE9-D5D5E987C0F3}.Release|Any CPU.Build.0 = Release|Any CPU
		{58F6AE77-3551-43C8-AA8C-D772C92023B3}.Debug|Any CPU.ActiveCfg = Debug|Any CPU
		{58F6AE77-3551-43C8-AA8C-D772C92023B3}.Debug|Any CPU.Build.0 = Debug|Any CPU
		{58F6AE77-3551-43C8-AA8C-D772C92023B3}.Release|Any CPU.ActiveCfg = Release|Any CPU
		{58F6AE77-3551-43C8-AA8C-D772C92023B3}.Release|Any CPU.Build.0 = Release|Any CPU
		{7EC1FC32-29A8-4ED5-81BF-C7E57E6A9FE3}.Debug|Any CPU.ActiveCfg = Debug|Any CPU
		{7EC1FC32-29A8-4ED5-81BF-C7E57E6A9FE3}.Debug|Any CPU.Build.0 = Debug|Any CPU
		{7EC1FC32-29A8-4ED5-81BF-C7E57E6A9FE3}.Release|Any CPU.ActiveCfg = Release|Any CPU
		{7EC1FC32-29A8-4ED5-81BF-C7E57E6A9FE3}.Release|Any CPU.Build.0 = Release|Any CPU
		{85D38BE7-BC57-4D5D-98DC-A75FF212572E}.Debug|Any CPU.ActiveCfg = Debug|Any CPU
		{85D38BE7-BC57-4D5D-98DC-A75FF212572E}.Debug|Any CPU.Build.0 = Debug|Any CPU
		{85D38BE7-BC57-4D5D-98DC-A75FF212572E}.Release|Any CPU.ActiveCfg = Release|Any CPU
		{85D38BE7-BC57-4D5D-98DC-A75FF212572E}.Release|Any CPU.Build.0 = Release|Any CPU
	EndGlobalSection
	GlobalSection(SolutionProperties) = preSolution
		HideSolutionNode = FALSE
	EndGlobalSection
	GlobalSection(ExtensibilityGlobals) = postSolution
		SolutionGuid = {3F5915B0-7C0E-40C7-8D27-232656703FA4}
	EndGlobalSection
EndGlobal
