
Microsoft Visual Studio Solution File, Format Version 12.00
# Visual Studio Version 16
VisualStudioVersion = 16.0.30523.141
MinimumVisualStudioVersion = 10.0.40219.1
Project("{9A19103F-16F7-4668-BE54-9A1E7A4F7556}") = "INFRASTRUCTURE", "INFRASTRUCTURE\INFRASTRUCTURE.csproj", "{B8FC1401-CF4D-4A82-BF4E-8118C90BBF92}"
EndProject
Project("{9A19103F-16F7-4668-BE54-9A1E7A4F7556}") = "FILE-DataFormats", "FILE-DataFormats\FILE-DataFormats.csproj", "{4739E328-BCD4-4759-A22A-18709D25CC37}"
EndProject
Project("{9A19103F-16F7-4668-BE54-9A1E7A4F7556}") = "LOGGING-ASPCoreAPI", "LOGGING-ASPCoreAPI\LOGGING-ASPCoreAPI.csproj", "{5AE410FC-6649-4C25-B033-254D1BBC595A}"
EndProject
Project("{9A19103F-16F7-4668-BE54-9A1E7A4F7556}") = "LOGGING-ConsoleApp", "LOGGING-ConsoleApp\LOGGING-ConsoleApp.csproj", "{DC946279-0BA3-48DA-9518-B9A9C0C91CFF}"
EndProject
Project("{FAE04EC0-301F-11D3-BF4B-00C04F79EFBC}") = "PATTERN-Factory", "PATTERN-FactoryPattern\PATTERN-Factory.csproj", "{54A2A0DE-0960-4816-858E-D8FF1CF100FD}"
EndProject
Project("{9A19103F-16F7-4668-BE54-9A1E7A4F7556}") = "PATTERN-FooBar", "PATTERN-FooBar\PATTERN-FooBar.csproj", "{4A523507-178C-44AE-9BCD-76AA93080E5E}"
EndProject
Project("{FAE04EC0-301F-11D3-BF4B-00C04F79EFBC}") = "PATTERN-Interface", "PATTERN-InterfacePattern\PATTERN-Interface.csproj", "{1D81F924-8A36-4863-B214-754F20E4310A}"
EndProject
Project("{9A19103F-16F7-4668-BE54-9A1E7A4F7556}") = "EXCEPTION-ExampleApp", "EXCEPTION-ConsoleApp\EXCEPTION-ExampleApp.csproj", "{E9CD8A56-9DD8-496B-B0AE-B32BAD457697}"
EndProject
Project("{9A19103F-16F7-4668-BE54-9A1E7A4F7556}") = "ENTITYFRAMEWORK-ConsoleApp", "ENTITYFRAMEWORK-ConsoleApp\ENTITYFRAMEWORK-ConsoleApp.csproj", "{BF69802D-78B6-49CC-B48D-71EE6759BF33}"
EndProject
Project("{D954291E-2A0B-460D-934E-DC6B0785DB48}") = "EXCEPTION-Model", "EXCEPTION-Model\EXCEPTION-Model.shproj", "{1E2462E6-EC6D-4DF4-A81D-CE2B510EB48D}"
EndProject
Project("{9A19103F-16F7-4668-BE54-9A1E7A4F7556}") = "EXCEPTION-Model-Net", "EXCEPTION-Model-Net\EXCEPTION-Model-Net.csproj", "{58F6AE77-3551-43C8-AA8C-D772C92023B3}"
EndProject
Project("{9A19103F-16F7-4668-BE54-9A1E7A4F7556}") = "EXCEPTION-Model-Core", "EXCEPTION-Model-Core\EXCEPTION-Model-Core.csproj", "{7EC1FC32-29A8-4ED5-81BF-C7E57E6A9FE3}"
EndProject
Project("{9A19103F-16F7-4668-BE54-9A1E7A4F7556}") = "DONT-PANIC", "..\DONT-PANIC\DONT-PANIC\DONT-PANIC.csproj", "{85D38BE7-BC57-4D5D-98DC-A75FF212572E}"
EndProject
Project("{D954291E-2A0B-460D-934E-DC6B0785DB48}") = "DATABASE-Model", "DATABASE-Model\DATABASE-Model.shproj", "{2BF435BA-2035-4D0C-84F7-C9D491B199E3}"
EndProject
Project("{9A19103F-16F7-4668-BE54-9A1E7A4F7556}") = "DATABASE-Model-Core", "DATABASE-Model-Core\DATABASE-Model-Core.csproj", "{7DA68E4C-4700-460E-BE8D-917E51BB52D0}"
EndProject
Project("{9A19103F-16F7-4668-BE54-9A1E7A4F7556}") = "DATABASE-Model-Net", "DATABASE-Model-Net\DATABASE-Model-Net.csproj", "{1FE35927-590E-456C-BDDD-E386F9124D87}"
EndProject
Project("{9A19103F-16F7-4668-BE54-9A1E7A4F7556}") = "CODERUN-ExampleProgram", "CODERUN-ExampleProgram\CODERUN-ExampleProgram.csproj", "{5AF1DE71-5B9F-44AD-8BBF-EB72D0EDA91A}"
EndProject
Project("{D954291E-2A0B-460D-934E-DC6B0785DB48}") = "CODERUN-ExampleModule", "CODERUN-ExampleModule\CODERUN-ExampleModule.shproj", "{E69DA5B8-8C9E-45F0-9DA2-E3793785A00B}"
EndProject
Project("{D954291E-2A0B-460D-934E-DC6B0785DB48}") = "EXCEPTION-Example", "EXCEPTION-Example\EXCEPTION-Example.shproj", "{0251DE34-883D-4FD0-804A-0E4254AFC400}"
EndProject
Project("{D954291E-2A0B-460D-934E-DC6B0785DB48}") = "MOCK-Model", "MOCK-Model\MOCK-Model.shproj", "{FFA50A07-A008-4670-A98E-956F1EE4304D}"
EndProject
Project("{9A19103F-16F7-4668-BE54-9A1E7A4F7556}") = "MOCK-Model-Net", "MOCK-Model-Net\MOCK-Model-Net.csproj", "{3C33DBC2-FC29-4B81-8006-38A0FB8112ED}"
EndProject
Project("{9A19103F-16F7-4668-BE54-9A1E7A4F7556}") = "MOCK-Model-Core", "MOCK-Model-Core\MOCK-Model-Core.csproj", "{9DD99CF3-93CC-45A9-BA0C-B2983CFA912E}"
EndProject
Project("{D954291E-2A0B-460D-934E-DC6B0785DB48}") = "CODERUN-Model", "CODERUN-Model\CODERUN-Model.shproj", "{65B36AD5-FA3A-4DE9-A550-31400FFD6936}"
EndProject
Project("{9A19103F-16F7-4668-BE54-9A1E7A4F7556}") = "CODERUN-Model-Core", "CODERUN-Model-Core\CODERUN-Model-Core.csproj", "{58B6DF1E-43C8-41BD-B9F1-148ABA76536B}"
EndProject
Project("{9A19103F-16F7-4668-BE54-9A1E7A4F7556}") = "CODERUN-Model-Net", "CODERUN-Model-Net\CODERUN-Model-Net.csproj", "{CAE181D3-FB03-4218-AFEE-59E3170716DD}"
EndProject
Project("{D954291E-2A0B-460D-934E-DC6B0785DB48}") = "MESSAGE-Model", "MESSAGE-Model\MESSAGE-Model.shproj", "{4C05D79C-2F47-49E0-80AA-B1A796E9F24C}"
EndProject
Project("{9A19103F-16F7-4668-BE54-9A1E7A4F7556}") = "MESSAGE-Model-Net", "MESSAGE-Model-Net\MESSAGE-Model-Net.csproj", "{3C4B4588-B449-487E-975C-6B17BC79C026}"
EndProject
Project("{9A19103F-16F7-4668-BE54-9A1E7A4F7556}") = "MESSAGE-Model-Core", "MESSAGE-Model-Core\MESSAGE-Model-Core.csproj", "{D1C9A586-E47F-4CC9-9D9D-773CD28112F2}"
EndProject
Project("{D954291E-2A0B-460D-934E-DC6B0785DB48}") = "UTILITY-Model", "UTILITY-Model\UTILITY-Model.shproj", "{9FCD1FD9-4F68-434E-9195-AC17387390E6}"
EndProject
Project("{9A19103F-16F7-4668-BE54-9A1E7A4F7556}") = "UTILITY-Model-Core", "UTILITY-Model-Core\UTILITY-Model-Core.csproj", "{5244BAD4-3CD6-4277-9784-98A7274DA16F}"
EndProject
Project("{9A19103F-16F7-4668-BE54-9A1E7A4F7556}") = "UTILITY-Model-Net", "UTILITY-Model-Net\UTILITY-Model-Net.csproj", "{1368CAFC-03FA-4A9A-A2DA-5655DABD09D0}"
EndProject
Project("{D954291E-2A0B-460D-934E-DC6B0785DB48}") = "EXTENSION-Model", "EXTENSION-Model\EXTENSION-Model.shproj", "{EED7ED14-540B-4DDA-B6C0-4E907BA0DE78}"
EndProject
Project("{FAE04EC0-301F-11D3-BF4B-00C04F79EFBC}") = "EXTENSION-Model-Core", "EXTENSION-Model-Core\EXTENSION-Model-Core.csproj", "{BBBCEA43-9798-40EC-BBD4-1EAEA793389E}"
EndProject
Global
	GlobalSection(SharedMSBuildProjectFiles) = preSolution
		EXCEPTION-Example\EXCEPTION-Example.projitems*{0251de34-883d-4fd0-804a-0e4254afc400}*SharedItemsImports = 13
		UTILITY-Model\UTILITY-Model.projitems*{1368cafc-03fa-4a9a-a2da-5655dabd09d0}*SharedItemsImports = 5
		EXCEPTION-Model\EXCEPTION-Model.projitems*{1e2462e6-ec6d-4df4-a81d-ce2b510eb48d}*SharedItemsImports = 13
		DATABASE-Model\DATABASE-Model.projitems*{1fe35927-590e-456c-bddd-e386f9124d87}*SharedItemsImports = 5
		DATABASE-Model\DATABASE-Model.projitems*{2bf435ba-2035-4d0c-84f7-c9d491b199e3}*SharedItemsImports = 13
		MOCK-Model\MOCK-Model.projitems*{3c33dbc2-fc29-4b81-8006-38a0fb8112ed}*SharedItemsImports = 5
		MESSAGE-Model\MESSAGE-Model.projitems*{3c4b4588-b449-487e-975c-6b17bc79c026}*SharedItemsImports = 5
		MESSAGE-Model\MESSAGE-Model.projitems*{4c05d79c-2f47-49e0-80aa-b1a796e9f24c}*SharedItemsImports = 13
		UTILITY-Model\UTILITY-Model.projitems*{5244bad4-3cd6-4277-9784-98a7274da16f}*SharedItemsImports = 5
		CODERUN-Model\CODERUN-Model.projitems*{58b6df1e-43c8-41bd-b9f1-148aba76536b}*SharedItemsImports = 5
		EXCEPTION-Model\EXCEPTION-Model.projitems*{58f6ae77-3551-43c8-aa8c-d772c92023b3}*SharedItemsImports = 5
		UTILITY-Model\UTILITY-Model.projitems*{58f6ae77-3551-43c8-aa8c-d772c92023b3}*SharedItemsImports = 5
		CODERUN-ExampleModule\CODERUN-ExampleModule.projitems*{5af1de71-5b9f-44ad-8bbf-eb72d0eda91a}*SharedItemsImports = 5
		CODERUN-Model\CODERUN-Model.projitems*{65b36ad5-fa3a-4de9-a550-31400ffd6936}*SharedItemsImports = 13
		DATABASE-Model\DATABASE-Model.projitems*{7da68e4c-4700-460e-be8d-917e51bb52d0}*SharedItemsImports = 5
		EXCEPTION-Model\EXCEPTION-Model.projitems*{7ec1fc32-29a8-4ed5-81bf-c7e57e6a9fe3}*SharedItemsImports = 5
		UTILITY-Model\UTILITY-Model.projitems*{7ec1fc32-29a8-4ed5-81bf-c7e57e6a9fe3}*SharedItemsImports = 5
		MOCK-Model\MOCK-Model.projitems*{9dd99cf3-93cc-45a9-ba0c-b2983cfa912e}*SharedItemsImports = 5
		UTILITY-Model\UTILITY-Model.projitems*{9fcd1fd9-4f68-434e-9195-ac17387390e6}*SharedItemsImports = 13
		EXTENSION-Model\EXTENSION-Model.projitems*{bbbcea43-9798-40ec-bbd4-1eaea793389e}*SharedItemsImports = 5
		CODERUN-Model\CODERUN-Model.projitems*{cae181d3-fb03-4218-afee-59e3170716dd}*SharedItemsImports = 5
		MESSAGE-Model\MESSAGE-Model.projitems*{d1c9a586-e47f-4cc9-9d9d-773cd28112f2}*SharedItemsImports = 5
		CODERUN-ExampleModule\CODERUN-ExampleModule.projitems*{e69da5b8-8c9e-45f0-9da2-e3793785a00b}*SharedItemsImports = 13
		EXCEPTION-Example\EXCEPTION-Example.projitems*{e9cd8a56-9dd8-496b-b0ae-b32bad457697}*SharedItemsImports = 5
		EXTENSION-Model\EXTENSION-Model.projitems*{eed7ed14-540b-4dda-b6c0-4e907ba0de78}*SharedItemsImports = 13
		MOCK-Model\MOCK-Model.projitems*{ffa50a07-a008-4670-a98e-956f1ee4304d}*SharedItemsImports = 13
	EndGlobalSection
	GlobalSection(SolutionConfigurationPlatforms) = preSolution
		Debug|Any CPU = Debug|Any CPU
		Release|Any CPU = Release|Any CPU
	EndGlobalSection
	GlobalSection(ProjectConfigurationPlatforms) = postSolution
		{B8FC1401-CF4D-4A82-BF4E-8118C90BBF92}.Debug|Any CPU.ActiveCfg = Debug|Any CPU
		{B8FC1401-CF4D-4A82-BF4E-8118C90BBF92}.Debug|Any CPU.Build.0 = Debug|Any CPU
		{B8FC1401-CF4D-4A82-BF4E-8118C90BBF92}.Release|Any CPU.ActiveCfg = Release|Any CPU
		{B8FC1401-CF4D-4A82-BF4E-8118C90BBF92}.Release|Any CPU.Build.0 = Release|Any CPU
		{4739E328-BCD4-4759-A22A-18709D25CC37}.Debug|Any CPU.ActiveCfg = Debug|Any CPU
		{4739E328-BCD4-4759-A22A-18709D25CC37}.Debug|Any CPU.Build.0 = Debug|Any CPU
		{4739E328-BCD4-4759-A22A-18709D25CC37}.Release|Any CPU.ActiveCfg = Release|Any CPU
		{4739E328-BCD4-4759-A22A-18709D25CC37}.Release|Any CPU.Build.0 = Release|Any CPU
		{5AE410FC-6649-4C25-B033-254D1BBC595A}.Debug|Any CPU.ActiveCfg = Debug|Any CPU
		{5AE410FC-6649-4C25-B033-254D1BBC595A}.Debug|Any CPU.Build.0 = Debug|Any CPU
		{5AE410FC-6649-4C25-B033-254D1BBC595A}.Release|Any CPU.ActiveCfg = Release|Any CPU
		{5AE410FC-6649-4C25-B033-254D1BBC595A}.Release|Any CPU.Build.0 = Release|Any CPU
		{DC946279-0BA3-48DA-9518-B9A9C0C91CFF}.Debug|Any CPU.ActiveCfg = Debug|Any CPU
		{DC946279-0BA3-48DA-9518-B9A9C0C91CFF}.Debug|Any CPU.Build.0 = Debug|Any CPU
		{DC946279-0BA3-48DA-9518-B9A9C0C91CFF}.Release|Any CPU.ActiveCfg = Release|Any CPU
		{DC946279-0BA3-48DA-9518-B9A9C0C91CFF}.Release|Any CPU.Build.0 = Release|Any CPU
		{54A2A0DE-0960-4816-858E-D8FF1CF100FD}.Debug|Any CPU.ActiveCfg = Debug|Any CPU
		{54A2A0DE-0960-4816-858E-D8FF1CF100FD}.Debug|Any CPU.Build.0 = Debug|Any CPU
		{54A2A0DE-0960-4816-858E-D8FF1CF100FD}.Release|Any CPU.ActiveCfg = Release|Any CPU
		{54A2A0DE-0960-4816-858E-D8FF1CF100FD}.Release|Any CPU.Build.0 = Release|Any CPU
		{4A523507-178C-44AE-9BCD-76AA93080E5E}.Debug|Any CPU.ActiveCfg = Debug|Any CPU
		{4A523507-178C-44AE-9BCD-76AA93080E5E}.Debug|Any CPU.Build.0 = Debug|Any CPU
		{4A523507-178C-44AE-9BCD-76AA93080E5E}.Release|Any CPU.ActiveCfg = Release|Any CPU
		{4A523507-178C-44AE-9BCD-76AA93080E5E}.Release|Any CPU.Build.0 = Release|Any CPU
		{1D81F924-8A36-4863-B214-754F20E4310A}.Debug|Any CPU.ActiveCfg = Debug|Any CPU
		{1D81F924-8A36-4863-B214-754F20E4310A}.Debug|Any CPU.Build.0 = Debug|Any CPU
		{1D81F924-8A36-4863-B214-754F20E4310A}.Release|Any CPU.ActiveCfg = Release|Any CPU
		{1D81F924-8A36-4863-B214-754F20E4310A}.Release|Any CPU.Build.0 = Release|Any CPU
		{E9CD8A56-9DD8-496B-B0AE-B32BAD457697}.Debug|Any CPU.ActiveCfg = Debug|Any CPU
		{E9CD8A56-9DD8-496B-B0AE-B32BAD457697}.Debug|Any CPU.Build.0 = Debug|Any CPU
		{E9CD8A56-9DD8-496B-B0AE-B32BAD457697}.Release|Any CPU.ActiveCfg = Release|Any CPU
		{E9CD8A56-9DD8-496B-B0AE-B32BAD457697}.Release|Any CPU.Build.0 = Release|Any CPU
		{BF69802D-78B6-49CC-B48D-71EE6759BF33}.Debug|Any CPU.ActiveCfg = Debug|Any CPU
		{BF69802D-78B6-49CC-B48D-71EE6759BF33}.Debug|Any CPU.Build.0 = Debug|Any CPU
		{BF69802D-78B6-49CC-B48D-71EE6759BF33}.Release|Any CPU.ActiveCfg = Release|Any CPU
		{BF69802D-78B6-49CC-B48D-71EE6759BF33}.Release|Any CPU.Build.0 = Release|Any CPU
		{58F6AE77-3551-43C8-AA8C-D772C92023B3}.Debug|Any CPU.ActiveCfg = Debug|Any CPU
		{58F6AE77-3551-43C8-AA8C-D772C92023B3}.Debug|Any CPU.Build.0 = Debug|Any CPU
		{58F6AE77-3551-43C8-AA8C-D772C92023B3}.Release|Any CPU.ActiveCfg = Release|Any CPU
		{58F6AE77-3551-43C8-AA8C-D772C92023B3}.Release|Any CPU.Build.0 = Release|Any CPU
		{7EC1FC32-29A8-4ED5-81BF-C7E57E6A9FE3}.Debug|Any CPU.ActiveCfg = Debug|Any CPU
		{7EC1FC32-29A8-4ED5-81BF-C7E57E6A9FE3}.Debug|Any CPU.Build.0 = Debug|Any CPU
		{7EC1FC32-29A8-4ED5-81BF-C7E57E6A9FE3}.Release|Any CPU.ActiveCfg = Release|Any CPU
		{7EC1FC32-29A8-4ED5-81BF-C7E57E6A9FE3}.Release|Any CPU.Build.0 = Release|Any CPU
		{85D38BE7-BC57-4D5D-98DC-A75FF212572E}.Debug|Any CPU.ActiveCfg = Debug|Any CPU
		{85D38BE7-BC57-4D5D-98DC-A75FF212572E}.Debug|Any CPU.Build.0 = Debug|Any CPU
		{85D38BE7-BC57-4D5D-98DC-A75FF212572E}.Release|Any CPU.ActiveCfg = Release|Any CPU
		{85D38BE7-BC57-4D5D-98DC-A75FF212572E}.Release|Any CPU.Build.0 = Release|Any CPU
		{7DA68E4C-4700-460E-BE8D-917E51BB52D0}.Debug|Any CPU.ActiveCfg = Debug|Any CPU
		{7DA68E4C-4700-460E-BE8D-917E51BB52D0}.Debug|Any CPU.Build.0 = Debug|Any CPU
		{7DA68E4C-4700-460E-BE8D-917E51BB52D0}.Release|Any CPU.ActiveCfg = Release|Any CPU
		{7DA68E4C-4700-460E-BE8D-917E51BB52D0}.Release|Any CPU.Build.0 = Release|Any CPU
		{1FE35927-590E-456C-BDDD-E386F9124D87}.Debug|Any CPU.ActiveCfg = Debug|Any CPU
		{1FE35927-590E-456C-BDDD-E386F9124D87}.Debug|Any CPU.Build.0 = Debug|Any CPU
		{1FE35927-590E-456C-BDDD-E386F9124D87}.Release|Any CPU.ActiveCfg = Release|Any CPU
		{1FE35927-590E-456C-BDDD-E386F9124D87}.Release|Any CPU.Build.0 = Release|Any CPU
		{5AF1DE71-5B9F-44AD-8BBF-EB72D0EDA91A}.Debug|Any CPU.ActiveCfg = Debug|Any CPU
		{5AF1DE71-5B9F-44AD-8BBF-EB72D0EDA91A}.Debug|Any CPU.Build.0 = Debug|Any CPU
		{5AF1DE71-5B9F-44AD-8BBF-EB72D0EDA91A}.Release|Any CPU.ActiveCfg = Release|Any CPU
		{5AF1DE71-5B9F-44AD-8BBF-EB72D0EDA91A}.Release|Any CPU.Build.0 = Release|Any CPU
		{3C33DBC2-FC29-4B81-8006-38A0FB8112ED}.Debug|Any CPU.ActiveCfg = Debug|Any CPU
		{3C33DBC2-FC29-4B81-8006-38A0FB8112ED}.Debug|Any CPU.Build.0 = Debug|Any CPU
		{3C33DBC2-FC29-4B81-8006-38A0FB8112ED}.Release|Any CPU.ActiveCfg = Release|Any CPU
		{3C33DBC2-FC29-4B81-8006-38A0FB8112ED}.Release|Any CPU.Build.0 = Release|Any CPU
		{9DD99CF3-93CC-45A9-BA0C-B2983CFA912E}.Debug|Any CPU.ActiveCfg = Debug|Any CPU
		{9DD99CF3-93CC-45A9-BA0C-B2983CFA912E}.Debug|Any CPU.Build.0 = Debug|Any CPU
		{9DD99CF3-93CC-45A9-BA0C-B2983CFA912E}.Release|Any CPU.ActiveCfg = Release|Any CPU
		{9DD99CF3-93CC-45A9-BA0C-B2983CFA912E}.Release|Any CPU.Build.0 = Release|Any CPU
		{58B6DF1E-43C8-41BD-B9F1-148ABA76536B}.Debug|Any CPU.ActiveCfg = Debug|Any CPU
		{58B6DF1E-43C8-41BD-B9F1-148ABA76536B}.Debug|Any CPU.Build.0 = Debug|Any CPU
		{58B6DF1E-43C8-41BD-B9F1-148ABA76536B}.Release|Any CPU.ActiveCfg = Release|Any CPU
		{58B6DF1E-43C8-41BD-B9F1-148ABA76536B}.Release|Any CPU.Build.0 = Release|Any CPU
		{CAE181D3-FB03-4218-AFEE-59E3170716DD}.Debug|Any CPU.ActiveCfg = Debug|Any CPU
		{CAE181D3-FB03-4218-AFEE-59E3170716DD}.Debug|Any CPU.Build.0 = Debug|Any CPU
		{CAE181D3-FB03-4218-AFEE-59E3170716DD}.Release|Any CPU.ActiveCfg = Release|Any CPU
		{CAE181D3-FB03-4218-AFEE-59E3170716DD}.Release|Any CPU.Build.0 = Release|Any CPU
		{3C4B4588-B449-487E-975C-6B17BC79C026}.Debug|Any CPU.ActiveCfg = Debug|Any CPU
		{3C4B4588-B449-487E-975C-6B17BC79C026}.Debug|Any CPU.Build.0 = Debug|Any CPU
		{3C4B4588-B449-487E-975C-6B17BC79C026}.Release|Any CPU.ActiveCfg = Release|Any CPU
		{3C4B4588-B449-487E-975C-6B17BC79C026}.Release|Any CPU.Build.0 = Release|Any CPU
		{D1C9A586-E47F-4CC9-9D9D-773CD28112F2}.Debug|Any CPU.ActiveCfg = Debug|Any CPU
		{D1C9A586-E47F-4CC9-9D9D-773CD28112F2}.Debug|Any CPU.Build.0 = Debug|Any CPU
		{D1C9A586-E47F-4CC9-9D9D-773CD28112F2}.Release|Any CPU.ActiveCfg = Release|Any CPU
		{D1C9A586-E47F-4CC9-9D9D-773CD28112F2}.Release|Any CPU.Build.0 = Release|Any CPU
		{5244BAD4-3CD6-4277-9784-98A7274DA16F}.Debug|Any CPU.ActiveCfg = Debug|Any CPU
		{5244BAD4-3CD6-4277-9784-98A7274DA16F}.Debug|Any CPU.Build.0 = Debug|Any CPU
		{5244BAD4-3CD6-4277-9784-98A7274DA16F}.Release|Any CPU.ActiveCfg = Release|Any CPU
		{5244BAD4-3CD6-4277-9784-98A7274DA16F}.Release|Any CPU.Build.0 = Release|Any CPU
		{1368CAFC-03FA-4A9A-A2DA-5655DABD09D0}.Debug|Any CPU.ActiveCfg = Debug|Any CPU
		{1368CAFC-03FA-4A9A-A2DA-5655DABD09D0}.Debug|Any CPU.Build.0 = Debug|Any CPU
		{1368CAFC-03FA-4A9A-A2DA-5655DABD09D0}.Release|Any CPU.ActiveCfg = Release|Any CPU
		{1368CAFC-03FA-4A9A-A2DA-5655DABD09D0}.Release|Any CPU.Build.0 = Release|Any CPU
		{BBBCEA43-9798-40EC-BBD4-1EAEA793389E}.Debug|Any CPU.ActiveCfg = Debug|Any CPU
		{BBBCEA43-9798-40EC-BBD4-1EAEA793389E}.Debug|Any CPU.Build.0 = Debug|Any CPU
		{BBBCEA43-9798-40EC-BBD4-1EAEA793389E}.Release|Any CPU.ActiveCfg = Release|Any CPU
		{BBBCEA43-9798-40EC-BBD4-1EAEA793389E}.Release|Any CPU.Build.0 = Release|Any CPU
	EndGlobalSection
	GlobalSection(SolutionProperties) = preSolution
		HideSolutionNode = FALSE
	EndGlobalSection
	GlobalSection(ExtensibilityGlobals) = postSolution
		SolutionGuid = {3F5915B0-7C0E-40C7-8D27-232656703FA4}
	EndGlobalSection
EndGlobal
