
Microsoft Visual Studio Solution File, Format Version 12.00
# Visual Studio Version 16
VisualStudioVersion = 16.0.30523.141
MinimumVisualStudioVersion = 10.0.40219.1
Project("{9A19103F-16F7-4668-BE54-9A1E7A4F7556}") = "INFRASTRUCTURE", "INFRASTRUCTURE\INFRASTRUCTURE.csproj", "{B8FC1401-CF4D-4A82-BF4E-8118C90BBF92}"
EndProject
Project("{9A19103F-16F7-4668-BE54-9A1E7A4F7556}") = "CONFIG-ASPCoreAPI", "CONFIG-ASPCoreAPI\CONFIG-ASPCoreAPI.csproj", "{A2C9912D-DE2B-4803-B38E-95F79D9F3164}"
EndProject
Project("{9A19103F-16F7-4668-BE54-9A1E7A4F7556}") = "CONFIG-ConsoleApp", "CONFIG-ConsoleApp\CONFIG-ConsoleApp.csproj", "{6AAFEB4C-6342-4F2D-AF00-BCACACBADAB7}"
EndProject
Project("{9A19103F-16F7-4668-BE54-9A1E7A4F7556}") = "FILE-DataFormats", "FILE-DataFormats\FILE-DataFormats.csproj", "{4739E328-BCD4-4759-A22A-18709D25CC37}"
EndProject
Project("{9A19103F-16F7-4668-BE54-9A1E7A4F7556}") = "Logging-ASPCoreAPI", "LOGGING-ASPCoreAPI\Logging-ASPCoreAPI.csproj", "{5AE410FC-6649-4C25-B033-254D1BBC595A}"
EndProject
Project("{9A19103F-16F7-4668-BE54-9A1E7A4F7556}") = "Logging-ConsoleApp", "LOGGING-ConsoleApp\Logging-ConsoleApp.csproj", "{DC946279-0BA3-48DA-9518-B9A9C0C91CFF}"
EndProject
Project("{FAE04EC0-301F-11D3-BF4B-00C04F79EFBC}") = "PATTERN-FactoryPattern", "PATTERN-FactoryPattern\PATTERN-FactoryPattern.csproj", "{54A2A0DE-0960-4816-858E-D8FF1CF100FD}"
EndProject
Project("{9A19103F-16F7-4668-BE54-9A1E7A4F7556}") = "PATTERN-FooBar", "PATTERN-FooBar\PATTERN-FooBar.csproj", "{4A523507-178C-44AE-9BCD-76AA93080E5E}"
EndProject
Project("{FAE04EC0-301F-11D3-BF4B-00C04F79EFBC}") = "PATTERN-InterfacePattern", "PATTERN-InterfacePattern\PATTERN-InterfacePattern.csproj", "{1D81F924-8A36-4863-B214-754F20E4310A}"
EndProject
Project("{9A19103F-16F7-4668-BE54-9A1E7A4F7556}") = "EXCEPTION-ConsoleApp", "EXCEPTION-ConsoleApp\EXCEPTION-ConsoleApp.csproj", "{E9CD8A56-9DD8-496B-B0AE-B32BAD457697}"
EndProject
Project("{9A19103F-16F7-4668-BE54-9A1E7A4F7556}") = "ENTITYFRAMEWORK-ConsoleApp", "ENTITYFRAMEWORK-ConsoleApp\ENTITYFRAMEWORK-ConsoleApp.csproj", "{BF69802D-78B6-49CC-B48D-71EE6759BF33}"
EndProject
Project("{9A19103F-16F7-4668-BE54-9A1E7A4F7556}") = "EXCEPTION-Object", "EXCEPTION-Object\EXCEPTION-Object.csproj", "{95DE6F13-FEE1-4916-90F2-CA8CF4C52126}"
EndProject
Project("{FAE04EC0-301F-11D3-BF4B-00C04F79EFBC}") = "EXCEPTION-Object-Net", "EXCEPTION-Object-Net\EXCEPTION-Object-Net.csproj", "{16A1C499-F65A-4003-87FF-F6336475C42B}"
EndProject
Project("{FAE04EC0-301F-11D3-BF4B-00C04F79EFBC}") = "UTILITY-Net", "UTILITY-Net\UTILITY-Net.csproj", "{656BE110-1AA4-4919-904D-876C8D442B2D}"
EndProject
Project("{9A19103F-16F7-4668-BE54-9A1E7A4F7556}") = "UTILITY", "UTILITY\UTILITY.csproj", "{3062417F-43D1-4025-A651-0861B92578E0}"
EndProject
Global
	GlobalSection(SolutionConfigurationPlatforms) = preSolution
		Debug|Any CPU = Debug|Any CPU
		Release|Any CPU = Release|Any CPU
	EndGlobalSection
	GlobalSection(ProjectConfigurationPlatforms) = postSolution
		{B8FC1401-CF4D-4A82-BF4E-8118C90BBF92}.Debug|Any CPU.ActiveCfg = Debug|Any CPU
		{B8FC1401-CF4D-4A82-BF4E-8118C90BBF92}.Debug|Any CPU.Build.0 = Debug|Any CPU
		{B8FC1401-CF4D-4A82-BF4E-8118C90BBF92}.Release|Any CPU.ActiveCfg = Release|Any CPU
		{B8FC1401-CF4D-4A82-BF4E-8118C90BBF92}.Release|Any CPU.Build.0 = Release|Any CPU
		{A2C9912D-DE2B-4803-B38E-95F79D9F3164}.Debug|Any CPU.ActiveCfg = Debug|Any CPU
		{A2C9912D-DE2B-4803-B38E-95F79D9F3164}.Debug|Any CPU.Build.0 = Debug|Any CPU
		{A2C9912D-DE2B-4803-B38E-95F79D9F3164}.Release|Any CPU.ActiveCfg = Release|Any CPU
		{A2C9912D-DE2B-4803-B38E-95F79D9F3164}.Release|Any CPU.Build.0 = Release|Any CPU
		{6AAFEB4C-6342-4F2D-AF00-BCACACBADAB7}.Debug|Any CPU.ActiveCfg = Debug|Any CPU
		{6AAFEB4C-6342-4F2D-AF00-BCACACBADAB7}.Debug|Any CPU.Build.0 = Debug|Any CPU
		{6AAFEB4C-6342-4F2D-AF00-BCACACBADAB7}.Release|Any CPU.ActiveCfg = Release|Any CPU
		{6AAFEB4C-6342-4F2D-AF00-BCACACBADAB7}.Release|Any CPU.Build.0 = Release|Any CPU
		{4739E328-BCD4-4759-A22A-18709D25CC37}.Debug|Any CPU.ActiveCfg = Debug|Any CPU
		{4739E328-BCD4-4759-A22A-18709D25CC37}.Debug|Any CPU.Build.0 = Debug|Any CPU
		{4739E328-BCD4-4759-A22A-18709D25CC37}.Release|Any CPU.ActiveCfg = Release|Any CPU
		{4739E328-BCD4-4759-A22A-18709D25CC37}.Release|Any CPU.Build.0 = Release|Any CPU
		{5AE410FC-6649-4C25-B033-254D1BBC595A}.Debug|Any CPU.ActiveCfg = Debug|Any CPU
		{5AE410FC-6649-4C25-B033-254D1BBC595A}.Debug|Any CPU.Build.0 = Debug|Any CPU
		{5AE410FC-6649-4C25-B033-254D1BBC595A}.Release|Any CPU.ActiveCfg = Release|Any CPU
		{5AE410FC-6649-4C25-B033-254D1BBC595A}.Release|Any CPU.Build.0 = Release|Any CPU
		{DC946279-0BA3-48DA-9518-B9A9C0C91CFF}.Debug|Any CPU.ActiveCfg = Debug|Any CPU
		{DC946279-0BA3-48DA-9518-B9A9C0C91CFF}.Debug|Any CPU.Build.0 = Debug|Any CPU
		{DC946279-0BA3-48DA-9518-B9A9C0C91CFF}.Release|Any CPU.ActiveCfg = Release|Any CPU
		{DC946279-0BA3-48DA-9518-B9A9C0C91CFF}.Release|Any CPU.Build.0 = Release|Any CPU
		{54A2A0DE-0960-4816-858E-D8FF1CF100FD}.Debug|Any CPU.ActiveCfg = Debug|Any CPU
		{54A2A0DE-0960-4816-858E-D8FF1CF100FD}.Debug|Any CPU.Build.0 = Debug|Any CPU
		{54A2A0DE-0960-4816-858E-D8FF1CF100FD}.Release|Any CPU.ActiveCfg = Release|Any CPU
		{54A2A0DE-0960-4816-858E-D8FF1CF100FD}.Release|Any CPU.Build.0 = Release|Any CPU
		{4A523507-178C-44AE-9BCD-76AA93080E5E}.Debug|Any CPU.ActiveCfg = Debug|Any CPU
		{4A523507-178C-44AE-9BCD-76AA93080E5E}.Debug|Any CPU.Build.0 = Debug|Any CPU
		{4A523507-178C-44AE-9BCD-76AA93080E5E}.Release|Any CPU.ActiveCfg = Release|Any CPU
		{4A523507-178C-44AE-9BCD-76AA93080E5E}.Release|Any CPU.Build.0 = Release|Any CPU
		{1D81F924-8A36-4863-B214-754F20E4310A}.Debug|Any CPU.ActiveCfg = Debug|Any CPU
		{1D81F924-8A36-4863-B214-754F20E4310A}.Debug|Any CPU.Build.0 = Debug|Any CPU
		{1D81F924-8A36-4863-B214-754F20E4310A}.Release|Any CPU.ActiveCfg = Release|Any CPU
		{1D81F924-8A36-4863-B214-754F20E4310A}.Release|Any CPU.Build.0 = Release|Any CPU
		{E9CD8A56-9DD8-496B-B0AE-B32BAD457697}.Debug|Any CPU.ActiveCfg = Debug|Any CPU
		{E9CD8A56-9DD8-496B-B0AE-B32BAD457697}.Debug|Any CPU.Build.0 = Debug|Any CPU
		{E9CD8A56-9DD8-496B-B0AE-B32BAD457697}.Release|Any CPU.ActiveCfg = Release|Any CPU
		{E9CD8A56-9DD8-496B-B0AE-B32BAD457697}.Release|Any CPU.Build.0 = Release|Any CPU
		{BF69802D-78B6-49CC-B48D-71EE6759BF33}.Debug|Any CPU.ActiveCfg = Debug|Any CPU
		{BF69802D-78B6-49CC-B48D-71EE6759BF33}.Debug|Any CPU.Build.0 = Debug|Any CPU
		{BF69802D-78B6-49CC-B48D-71EE6759BF33}.Release|Any CPU.ActiveCfg = Release|Any CPU
		{BF69802D-78B6-49CC-B48D-71EE6759BF33}.Release|Any CPU.Build.0 = Release|Any CPU
		{95DE6F13-FEE1-4916-90F2-CA8CF4C52126}.Debug|Any CPU.ActiveCfg = Debug|Any CPU
		{95DE6F13-FEE1-4916-90F2-CA8CF4C52126}.Debug|Any CPU.Build.0 = Debug|Any CPU
		{95DE6F13-FEE1-4916-90F2-CA8CF4C52126}.Release|Any CPU.ActiveCfg = Release|Any CPU
		{95DE6F13-FEE1-4916-90F2-CA8CF4C52126}.Release|Any CPU.Build.0 = Release|Any CPU
		{16A1C499-F65A-4003-87FF-F6336475C42B}.Debug|Any CPU.ActiveCfg = Debug|Any CPU
		{16A1C499-F65A-4003-87FF-F6336475C42B}.Debug|Any CPU.Build.0 = Debug|Any CPU
		{16A1C499-F65A-4003-87FF-F6336475C42B}.Release|Any CPU.ActiveCfg = Release|Any CPU
		{16A1C499-F65A-4003-87FF-F6336475C42B}.Release|Any CPU.Build.0 = Release|Any CPU
		{656BE110-1AA4-4919-904D-876C8D442B2D}.Debug|Any CPU.ActiveCfg = Debug|Any CPU
		{656BE110-1AA4-4919-904D-876C8D442B2D}.Debug|Any CPU.Build.0 = Debug|Any CPU
		{656BE110-1AA4-4919-904D-876C8D442B2D}.Release|Any CPU.ActiveCfg = Release|Any CPU
		{656BE110-1AA4-4919-904D-876C8D442B2D}.Release|Any CPU.Build.0 = Release|Any CPU
		{3062417F-43D1-4025-A651-0861B92578E0}.Debug|Any CPU.ActiveCfg = Debug|Any CPU
		{3062417F-43D1-4025-A651-0861B92578E0}.Debug|Any CPU.Build.0 = Debug|Any CPU
		{3062417F-43D1-4025-A651-0861B92578E0}.Release|Any CPU.ActiveCfg = Release|Any CPU
		{3062417F-43D1-4025-A651-0861B92578E0}.Release|Any CPU.Build.0 = Release|Any CPU
	EndGlobalSection
	GlobalSection(SolutionProperties) = preSolution
		HideSolutionNode = FALSE
	EndGlobalSection
	GlobalSection(ExtensibilityGlobals) = postSolution
		SolutionGuid = {3F5915B0-7C0E-40C7-8D27-232656703FA4}
	EndGlobalSection
EndGlobal
