
Microsoft Visual Studio Solution File, Format Version 12.00
# Visual Studio Version 16
VisualStudioVersion = 16.0.30523.141
MinimumVisualStudioVersion = 10.0.40219.1
Project("{9A19103F-16F7-4668-BE54-9A1E7A4F7556}") = "PATTERN-FooBar", "PATTERN-FooBar\PATTERN-FooBar.csproj", "{6CE0A414-2684-468E-BEB5-A2F414218BA1}"
EndProject
Global
	GlobalSection(SolutionConfigurationPlatforms) = preSolution
		Debug|Any CPU = Debug|Any CPU
		Release|Any CPU = Release|Any CPU
	EndGlobalSection
	GlobalSection(ProjectConfigurationPlatforms) = postSolution
		{6CE0A414-2684-468E-BEB5-A2F414218BA1}.Debug|Any CPU.ActiveCfg = Debug|Any CPU
		{6CE0A414-2684-468E-BEB5-A2F414218BA1}.Debug|Any CPU.Build.0 = Debug|Any CPU
		{6CE0A414-2684-468E-BEB5-A2F414218BA1}.Release|Any CPU.ActiveCfg = Release|Any CPU
		{6CE0A414-2684-468E-BEB5-A2F414218BA1}.Release|Any CPU.Build.0 = Release|Any CPU
	EndGlobalSection
	GlobalSection(SolutionProperties) = preSolution
		HideSolutionNode = FALSE
	EndGlobalSection
	GlobalSection(ExtensibilityGlobals) = postSolution
		SolutionGuid = {DC708EAC-6CFA-4194-83D9-A5779F3947BC}
	EndGlobalSection
EndGlobal
